
Microsoft Visual Studio Solution File, Format Version 12.00
# Visual Studio Version 16
VisualStudioVersion = 16.0.28922.388
MinimumVisualStudioVersion = 10.0.40219.1
Project("{9A19103F-16F7-4668-BE54-9A1E7A4F7556}") = "Game.Application", "Game.Application\Game.Application.csproj", "{7FC0B488-A858-4642-A7CE-751B9943517D}"
	ProjectSection(ProjectDependencies) = postProject
		{8523C414-BDD6-419F-B45F-39175A200B76} = {8523C414-BDD6-419F-B45F-39175A200B76}
	EndProjectSection
EndProject
Project("{9A19103F-16F7-4668-BE54-9A1E7A4F7556}") = "Game.WebAsm", "Game.WebAsm\Game.WebAsm.csproj", "{8523C414-BDD6-419F-B45F-39175A200B76}"
EndProject
Project("{9A19103F-16F7-4668-BE54-9A1E7A4F7556}") = "Game.Domain", "Game.Domain\Game.Domain.csproj", "{1752B463-4791-4FA1-8272-E17E51A707A1}"
EndProject
Project("{9A19103F-16F7-4668-BE54-9A1E7A4F7556}") = "Game.Logic.Tests", "Game.Logic.Tests\Game.Logic.Tests.csproj", "{F7676144-75B1-4F31-8CB7-0159D3B54427}"
EndProject
Project("{9A19103F-16F7-4668-BE54-9A1E7A4F7556}") = "LibNoise", "LibNoise\LibNoise.csproj", "{26A8BE1E-5E49-4292-9DA3-646C1EEC231F}"
EndProject
Project("{2150E333-8FDC-42A3-9474-1A3956D46DE8}") = "Solution Items", "Solution Items", "{F0A01F8A-B9A2-47FF-BBAC-57A653F506D2}"
	ProjectSection(SolutionItems) = preProject
		swagger.yaml = swagger.yaml
	EndProjectSection
EndProject
Global
	GlobalSection(SolutionConfigurationPlatforms) = preSolution
		Debug|Any CPU = Debug|Any CPU
		Release|Any CPU = Release|Any CPU
	EndGlobalSection
	GlobalSection(ProjectConfigurationPlatforms) = postSolution
		{7FC0B488-A858-4642-A7CE-751B9943517D}.Debug|Any CPU.ActiveCfg = Debug|Any CPU
		{7FC0B488-A858-4642-A7CE-751B9943517D}.Debug|Any CPU.Build.0 = Debug|Any CPU
		{7FC0B488-A858-4642-A7CE-751B9943517D}.Release|Any CPU.ActiveCfg = Release|Any CPU
		{7FC0B488-A858-4642-A7CE-751B9943517D}.Release|Any CPU.Build.0 = Release|Any CPU
		{8523C414-BDD6-419F-B45F-39175A200B76}.Debug|Any CPU.ActiveCfg = Debug|Any CPU
		{8523C414-BDD6-419F-B45F-39175A200B76}.Debug|Any CPU.Build.0 = Debug|Any CPU
		{8523C414-BDD6-419F-B45F-39175A200B76}.Release|Any CPU.ActiveCfg = Release|Any CPU
		{8523C414-BDD6-419F-B45F-39175A200B76}.Release|Any CPU.Build.0 = Release|Any CPU
		{1752B463-4791-4FA1-8272-E17E51A707A1}.Debug|Any CPU.ActiveCfg = Debug|Any CPU
		{1752B463-4791-4FA1-8272-E17E51A707A1}.Debug|Any CPU.Build.0 = Debug|Any CPU
		{1752B463-4791-4FA1-8272-E17E51A707A1}.Release|Any CPU.ActiveCfg = Release|Any CPU
		{1752B463-4791-4FA1-8272-E17E51A707A1}.Release|Any CPU.Build.0 = Release|Any CPU
		{F7676144-75B1-4F31-8CB7-0159D3B54427}.Debug|Any CPU.ActiveCfg = Debug|Any CPU
		{F7676144-75B1-4F31-8CB7-0159D3B54427}.Debug|Any CPU.Build.0 = Debug|Any CPU
		{F7676144-75B1-4F31-8CB7-0159D3B54427}.Release|Any CPU.ActiveCfg = Release|Any CPU
		{F7676144-75B1-4F31-8CB7-0159D3B54427}.Release|Any CPU.Build.0 = Release|Any CPU
		{26A8BE1E-5E49-4292-9DA3-646C1EEC231F}.Debug|Any CPU.ActiveCfg = Debug|Any CPU
		{26A8BE1E-5E49-4292-9DA3-646C1EEC231F}.Debug|Any CPU.Build.0 = Debug|Any CPU
		{26A8BE1E-5E49-4292-9DA3-646C1EEC231F}.Release|Any CPU.ActiveCfg = Release|Any CPU
		{26A8BE1E-5E49-4292-9DA3-646C1EEC231F}.Release|Any CPU.Build.0 = Release|Any CPU
	EndGlobalSection
	GlobalSection(SolutionProperties) = preSolution
		HideSolutionNode = FALSE
	EndGlobalSection
	GlobalSection(ExtensibilityGlobals) = postSolution
		SolutionGuid = {38C12CAB-2F17-4DFC-BCF0-82FADFD0DE5A}
	EndGlobalSection
EndGlobal
